
Microsoft Visual Studio Solution File, Format Version 12.00
# Visual Studio Version 17
VisualStudioVersion = 17.0.32014.148
MinimumVisualStudioVersion = 10.0.40219.1
Project("{FAE04EC0-301F-11D3-BF4B-00C04F79EFBC}") = "ListManipulationDemo", "ListManipulationDemo\ListManipulationDemo.csproj", "{1F6CE046-DFCC-4F31-9186-1691165F73DD}"
EndProject
Global
	GlobalSection(SolutionConfigurationPlatforms) = preSolution
		Debug|Any CPU = Debug|Any CPU
		Release|Any CPU = Release|Any CPU
	EndGlobalSection
	GlobalSection(ProjectConfigurationPlatforms) = postSolution
		{1F6CE046-DFCC-4F31-9186-1691165F73DD}.Debug|Any CPU.ActiveCfg = Debug|Any CPU
		{1F6CE046-DFCC-4F31-9186-1691165F73DD}.Debug|Any CPU.Build.0 = Debug|Any CPU
		{1F6CE046-DFCC-4F31-9186-1691165F73DD}.Release|Any CPU.ActiveCfg = Release|Any CPU
		{1F6CE046-DFCC-4F31-9186-1691165F73DD}.Release|Any CPU.Build.0 = Release|Any CPU
	EndGlobalSection
	GlobalSection(SolutionProperties) = preSolution
		HideSolutionNode = FALSE
	EndGlobalSection
	GlobalSection(ExtensibilityGlobals) = postSolution
		SolutionGuid = {1F5D37E5-8DDB-4930-A33C-CFF987E3C11A}
	EndGlobalSection
EndGlobal
